
Microsoft Visual Studio Solution File, Format Version 12.00
# Visual Studio Version 17
VisualStudioVersion = 17.5.002.0
MinimumVisualStudioVersion = 10.0.40219.1
Project("{9A19103F-16F7-4668-BE54-9A1E7A4F7556}") = "WalletRestAPI", "WalletRestAPI.csproj", "{F7C329C8-BC0B-4497-8CF6-26A33AB393AB}"
EndProject
Global
	GlobalSection(SolutionConfigurationPlatforms) = preSolution
		Debug|Any CPU = Debug|Any CPU
		Release|Any CPU = Release|Any CPU
	EndGlobalSection
	GlobalSection(ProjectConfigurationPlatforms) = postSolution
		{F7C329C8-BC0B-4497-8CF6-26A33AB393AB}.Debug|Any CPU.ActiveCfg = Debug|Any CPU
		{F7C329C8-BC0B-4497-8CF6-26A33AB393AB}.Debug|Any CPU.Build.0 = Debug|Any CPU
		{F7C329C8-BC0B-4497-8CF6-26A33AB393AB}.Release|Any CPU.ActiveCfg = Release|Any CPU
		{F7C329C8-BC0B-4497-8CF6-26A33AB393AB}.Release|Any CPU.Build.0 = Release|Any CPU
	EndGlobalSection
	GlobalSection(SolutionProperties) = preSolution
		HideSolutionNode = FALSE
	EndGlobalSection
	GlobalSection(ExtensibilityGlobals) = postSolution
		SolutionGuid = {53A9D62C-13E4-47DB-B8C2-718A2D72CFA2}
	EndGlobalSection
EndGlobal
